// !$*UTF8*$!
{
	archiveVersion = 1;
	classes = {
	};
	objectVersion = 50;
	objects = {

/* Begin PBXBuildFile section */
		FF348E28221BBED900DF2678 /* AppDelegate.swift in Sources */ = {isa = PBXBuildFile; fileRef = FF348E27221BBED900DF2678 /* AppDelegate.swift */; };
		FF348E2A221BBED900DF2678 /* ViewController.swift in Sources */ = {isa = PBXBuildFile; fileRef = FF348E29221BBED900DF2678 /* ViewController.swift */; };
		FF348E2D221BBED900DF2678 /* Main.storyboard in Resources */ = {isa = PBXBuildFile; fileRef = FF348E2B221BBED900DF2678 /* Main.storyboard */; };
		FF348E30221BBED900DF2678 /* GPS.xcdatamodeld in Sources */ = {isa = PBXBuildFile; fileRef = FF348E2E221BBED900DF2678 /* GPS.xcdatamodeld */; };
		FF348E32221BBEDB00DF2678 /* Assets.xcassets in Resources */ = {isa = PBXBuildFile; fileRef = FF348E31221BBEDB00DF2678 /* Assets.xcassets */; };
		FF348E35221BBEDB00DF2678 /* LaunchScreen.storyboard in Resources */ = {isa = PBXBuildFile; fileRef = FF348E33221BBEDB00DF2678 /* LaunchScreen.storyboard */; };
		FF348E3D221BC0C100DF2678 /* MyLabel.swift in Sources */ = {isa = PBXBuildFile; fileRef = FF348E3C221BC0C100DF2678 /* MyLabel.swift */; };
/* End PBXBuildFile section */

/* Begin PBXFileReference section */
		FF348E24221BBED900DF2678 /* GPS.app */ = {isa = PBXFileReference; explicitFileType = wrapper.application; includeInIndex = 0; path = GPS.app; sourceTree = BUILT_PRODUCTS_DIR; };
		FF348E27221BBED900DF2678 /* AppDelegate.swift */ = {isa = PBXFileReference; lastKnownFileType = sourcecode.swift; path = AppDelegate.swift; sourceTree = "<group>"; };
		FF348E29221BBED900DF2678 /* ViewController.swift */ = {isa = PBXFileReference; lastKnownFileType = sourcecode.swift; path = ViewController.swift; sourceTree = "<group>"; };
		FF348E2C221BBED900DF2678 /* Base */ = {isa = PBXFileReference; lastKnownFileType = file.storyboard; name = Base; path = Base.lproj/Main.storyboard; sourceTree = "<group>"; };
		FF348E2F221BBED900DF2678 /* GPS.xcdatamodel */ = {isa = PBXFileReference; lastKnownFileType = wrapper.xcdatamodel; path = GPS.xcdatamodel; sourceTree = "<group>"; };
		FF348E31221BBEDB00DF2678 /* Assets.xcassets */ = {isa = PBXFileReference; lastKnownFileType = folder.assetcatalog; path = Assets.xcassets; sourceTree = "<group>"; };
		FF348E34221BBEDB00DF2678 /* Base */ = {isa = PBXFileReference; lastKnownFileType = file.storyboard; name = Base; path = Base.lproj/LaunchScreen.storyboard; sourceTree = "<group>"; };
		FF348E36221BBEDB00DF2678 /* Info.plist */ = {isa = PBXFileReference; lastKnownFileType = text.plist.xml; path = Info.plist; sourceTree = "<group>"; };
		FF348E3C221BC0C100DF2678 /* MyLabel.swift */ = {isa = PBXFileReference; lastKnownFileType = sourcecode.swift; path = MyLabel.swift; sourceTree = "<group>"; };
/* End PBXFileReference section */

/* Begin PBXFrameworksBuildPhase section */
		FF348E21221BBED900DF2678 /* Frameworks */ = {
			isa = PBXFrameworksBuildPhase;
			buildActionMask = 2147483647;
			files = (
			);
			runOnlyForDeploymentPostprocessing = 0;
		};
/* End PBXFrameworksBuildPhase section */

/* Begin PBXGroup section */
		FF348E1B221BBED900DF2678 = {
			isa = PBXGroup;
			children = (
				FF348E26221BBED900DF2678 /* GPS */,
				FF348E25221BBED900DF2678 /* Products */,
			);
			sourceTree = "<group>";
		};
		FF348E25221BBED900DF2678 /* Products */ = {
			isa = PBXGroup;
			children = (
				FF348E24221BBED900DF2678 /* GPS.app */,
			);
			name = Products;
			sourceTree = "<group>";
		};
		FF348E26221BBED900DF2678 /* GPS */ = {
			isa = PBXGroup;
			children = (
				FF348E27221BBED900DF2678 /* AppDelegate.swift */,
				FF348E29221BBED900DF2678 /* ViewController.swift */,
				FF348E3C221BC0C100DF2678 /* MyLabel.swift */,
				FF348E2B221BBED900DF2678 /* Main.storyboard */,
				FF348E31221BBEDB00DF2678 /* Assets.xcassets */,
				FF348E33221BBEDB00DF2678 /* LaunchScreen.storyboard */,
				FF348E36221BBEDB00DF2678 /* Info.plist */,
				FF348E2E221BBED900DF2678 /* GPS.xcdatamodeld */,
			);
			path = GPS;
			sourceTree = "<group>";
		};
/* End PBXGroup section */

/* Begin PBXNativeTarget section */
		FF348E23221BBED900DF2678 /* GPS */ = {
			isa = PBXNativeTarget;
			buildConfigurationList = FF348E39221BBEDB00DF2678 /* Build configuration list for PBXNativeTarget "GPS" */;
			buildPhases = (
				FF348E20221BBED900DF2678 /* Sources */,
				FF348E21221BBED900DF2678 /* Frameworks */,
				FF348E22221BBED900DF2678 /* Resources */,
			);
			buildRules = (
			);
			dependencies = (
			);
			name = GPS;
			productName = GPS;
			productReference = FF348E24221BBED900DF2678 /* GPS.app */;
			productType = "com.apple.product-type.application";
		};
/* End PBXNativeTarget section */

/* Begin PBXProject section */
		FF348E1C221BBED900DF2678 /* Project object */ = {
			isa = PBXProject;
			attributes = {
				LastSwiftUpdateCheck = 1010;
				LastUpgradeCheck = 1010;
				ORGANIZATIONNAME = "Andre Unsal";
				TargetAttributes = {
					FF348E23221BBED900DF2678 = {
						CreatedOnToolsVersion = 10.1;
					};
				};
			};
			buildConfigurationList = FF348E1F221BBED900DF2678 /* Build configuration list for PBXProject "GPS" */;
			compatibilityVersion = "Xcode 9.3";
			developmentRegion = en;
			hasScannedForEncodings = 0;
			knownRegions = (
				en,
				Base,
			);
			mainGroup = FF348E1B221BBED900DF2678;
			productRefGroup = FF348E25221BBED900DF2678 /* Products */;
			projectDirPath = "";
			projectRoot = "";
			targets = (
				FF348E23221BBED900DF2678 /* GPS */,
			);
		};
/* End PBXProject section */

/* Begin PBXResourcesBuildPhase section */
		FF348E22221BBED900DF2678 /* Resources */ = {
			isa = PBXResourcesBuildPhase;
			buildActionMask = 2147483647;
			files = (
				FF348E35221BBEDB00DF2678 /* LaunchScreen.storyboard in Resources */,
				FF348E32221BBEDB00DF2678 /* Assets.xcassets in Resources */,
				FF348E2D221BBED900DF2678 /* Main.storyboard in Resources */,
			);
			runOnlyForDeploymentPostprocessing = 0;
		};
/* End PBXResourcesBuildPhase section */

/* Begin PBXSourcesBuildPhase section */
		FF348E20221BBED900DF2678 /* Sources */ = {
			isa = PBXSourcesBuildPhase;
			buildActionMask = 2147483647;
			files = (
				FF348E2A221BBED900DF2678 /* ViewController.swift in Sources */,
				FF348E28221BBED900DF2678 /* AppDelegate.swift in Sources */,
				FF348E3D221BC0C100DF2678 /* MyLabel.swift in Sources */,
				FF348E30221BBED900DF2678 /* GPS.xcdatamodeld in Sources */,
			);
			runOnlyForDeploymentPostprocessing = 0;
		};
/* End PBXSourcesBuildPhase section */

/* Begin PBXVariantGroup section */
		FF348E2B221BBED900DF2678 /* Main.storyboard */ = {
			isa = PBXVariantGroup;
			children = (
				FF348E2C221BBED900DF2678 /* Base */,
			);
			name = Main.storyboard;
			sourceTree = "<group>";
		};
		FF348E33221BBEDB00DF2678 /* LaunchScreen.storyboard */ = {
			isa = PBXVariantGroup;
			children = (
				FF348E34221BBEDB00DF2678 /* Base */,
			);
			name = LaunchScreen.storyboard;
			sourceTree = "<group>";
		};
/* End PBXVariantGroup section */

/* Begin XCBuildConfiguration section */
		FF348E37221BBEDB00DF2678 /* Debug */ = {
			isa = XCBuildConfiguration;
			buildSettings = {
				ALWAYS_SEARCH_USER_PATHS = NO;
				CLANG_ANALYZER_NONNULL = YES;
				CLANG_ANALYZER_NUMBER_OBJECT_CONVERSION = YES_AGGRESSIVE;
				CLANG_CXX_LANGUAGE_STANDARD = "gnu++14";
				CLANG_CXX_LIBRARY = "libc++";
				CLANG_ENABLE_MODULES = YES;
				CLANG_ENABLE_OBJC_ARC = YES;
				CLANG_ENABLE_OBJC_WEAK = YES;
				CLANG_WARN_BLOCK_CAPTURE_AUTORELEASING = YES;
				CLANG_WARN_BOOL_CONVERSION = YES;
				CLANG_WARN_COMMA = YES;
				CLANG_WARN_CONSTANT_CONVERSION = YES;
				CLANG_WARN_DEPRECATED_OBJC_IMPLEMENTATIONS = YES;
				CLANG_WARN_DIRECT_OBJC_ISA_USAGE = YES_ERROR;
				CLANG_WARN_DOCUMENTATION_COMMENTS = YES;
				CLANG_WARN_EMPTY_BODY = YES;
				CLANG_WARN_ENUM_CONVERSION = YES;
				CLANG_WARN_INFINITE_RECURSION = YES;
				CLANG_WARN_INT_CONVERSION = YES;
				CLANG_WARN_NON_LITERAL_NULL_CONVERSION = YES;
				CLANG_WARN_OBJC_IMPLICIT_RETAIN_SELF = YES;
				CLANG_WARN_OBJC_LITERAL_CONVERSION = YES;
				CLANG_WARN_OBJC_ROOT_CLASS = YES_ERROR;
				CLANG_WARN_RANGE_LOOP_ANALYSIS = YES;
				CLANG_WARN_STRICT_PROTOTYPES = YES;
				CLANG_WARN_SUSPICIOUS_MOVE = YES;
				CLANG_WARN_UNGUARDED_AVAILABILITY = YES_AGGRESSIVE;
				CLANG_WARN_UNREACHABLE_CODE = YES;
				CLANG_WARN__DUPLICATE_METHOD_MATCH = YES;
				CODE_SIGN_IDENTITY = "iPhone Developer";
				COPY_PHASE_STRIP = NO;
				DEBUG_INFORMATION_FORMAT = dwarf;
				ENABLE_STRICT_OBJC_MSGSEND = YES;
				ENABLE_TESTABILITY = YES;
				GCC_C_LANGUAGE_STANDARD = gnu11;
				GCC_DYNAMIC_NO_PIC = NO;
				GCC_NO_COMMON_BLOCKS = YES;
				GCC_OPTIMIZATION_LEVEL = 0;
				GCC_PREPROCESSOR_DEFINITIONS = (
					"DEBUG=1",
					"$(inherited)",
				);
				GCC_WARN_64_TO_32_BIT_CONVERSION = YES;
				GCC_WARN_ABOUT_RETURN_TYPE = YES_ERROR;
				GCC_WARN_UNDECLARED_SELECTOR = YES;
				GCC_WARN_UNINITIALIZED_AUTOS = YES_AGGRESSIVE;
				GCC_WARN_UNUSED_FUNCTION = YES;
				GCC_WARN_UNUSED_VARIABLE = YES;
				IPHONEOS_DEPLOYMENT_TARGET = 12.1;
				MTL_ENABLE_DEBUG_INFO = INCLUDE_SOURCE;
				MTL_FAST_MATH = YES;
				ONLY_ACTIVE_ARCH = YES;
				SDKROOT = iphoneos;
				SWIFT_ACTIVE_COMPILATION_CONDITIONS = DEBUG;
				SWIFT_OPTIMIZATION_LEVEL = "-Onone";
			};
			name = Debug;
		};
		FF348E38221BBEDB00DF2678 /* Release */ = {
			isa = XCBuildConfiguration;
			buildSettings = {
				ALWAYS_SEARCH_USER_PATHS = NO;
				CLANG_ANALYZER_NONNULL = YES;
				CLANG_ANALYZER_NUMBER_OBJECT_CONVERSION = YES_AGGRESSIVE;
				CLANG_CXX_LANGUAGE_STANDARD = "gnu++14";
				CLANG_CXX_LIBRARY = "libc++";
				CLANG_ENABLE_MODULES = YES;
				CLANG_ENABLE_OBJC_ARC = YES;
				CLANG_ENABLE_OBJC_WEAK = YES;
				CLANG_WARN_BLOCK_CAPTURE_AUTORELEASING = YES;
				CLANG_WARN_BOOL_CONVERSION = YES;
				CLANG_WARN_COMMA = YES;
				CLANG_WARN_CONSTANT_CONVERSION = YES;
				CLANG_WARN_DEPRECATED_OBJC_IMPLEMENTATIONS = YES;
				CLANG_WARN_DIRECT_OBJC_ISA_USAGE = YES_ERROR;
				CLANG_WARN_DOCUMENTATION_COMMENTS = YES;
				CLANG_WARN_EMPTY_BODY = YES;
				CLANG_WARN_ENUM_CONVERSION = YES;
				CLANG_WARN_INFINITE_RECURSION = YES;
				CLANG_WARN_INT_CONVERSION = YES;
				CLANG_WARN_NON_LITERAL_NULL_CONVERSION = YES;
				CLANG_WARN_OBJC_IMPLICIT_RETAIN_SELF = YES;
				CLANG_WARN_OBJC_LITERAL_CONVERSION = YES;
				CLANG_WARN_OBJC_ROOT_CLASS = YES_ERROR;
				CLANG_WARN_RANGE_LOOP_ANALYSIS = YES;
				CLANG_WARN_STRICT_PROTOTYPES = YES;
				CLANG_WARN_SUSPICIOUS_MOVE = YES;
				CLANG_WARN_UNGUARDED_AVAILABILITY = YES_AGGRESSIVE;
				CLANG_WARN_UNREACHABLE_CODE = YES;
				CLANG_WARN__DUPLICATE_METHOD_MATCH = YES;
				CODE_SIGN_IDENTITY = "iPhone Developer";
				COPY_PHASE_STRIP = NO;
				DEBUG_INFORMATION_FORMAT = "dwarf-with-dsym";
				ENABLE_NS_ASSERTIONS = NO;
				ENABLE_STRICT_OBJC_MSGSEND = YES;
				GCC_C_LANGUAGE_STANDARD = gnu11;
				GCC_NO_COMMON_BLOCKS = YES;
				GCC_WARN_64_TO_32_BIT_CONVERSION = YES;
				GCC_WARN_ABOUT_RETURN_TYPE = YES_ERROR;
				GCC_WARN_UNDECLARED_SELECTOR = YES;
				GCC_WARN_UNINITIALIZED_AUTOS = YES_AGGRESSIVE;
				GCC_WARN_UNUSED_FUNCTION = YES;
				GCC_WARN_UNUSED_VARIABLE = YES;
				IPHONEOS_DEPLOYMENT_TARGET = 12.1;
				MTL_ENABLE_DEBUG_INFO = NO;
				MTL_FAST_MATH = YES;
				SDKROOT = iphoneos;
				SWIFT_COMPILATION_MODE = wholemodule;
				SWIFT_OPTIMIZATION_LEVEL = "-O";
				VALIDATE_PRODUCT = YES;
			};
			name = Release;
		};
		FF348E3A221BBEDB00DF2678 /* Debug */ = {
			isa = XCBuildConfiguration;
			buildSettings = {
				ASSETCATALOG_COMPILER_APPICON_NAME = AppIcon;
				CODE_SIGN_STYLE = Automatic;
				DEVELOPMENT_TEAM = MC884ST245;
				INFOPLIST_FILE = GPS/Info.plist;
				LD_RUNPATH_SEARCH_PATHS = (
					"$(inherited)",
					"@executable_path/Frameworks",
				);
				PRODUCT_BUNDLE_IDENTIFIER = andreus.GPS;
				PRODUCT_NAME = "$(TARGET_NAME)";
				SWIFT_VERSION = 4.2;
				TARGETED_DEVICE_FAMILY = "1,2";
			};
			name = Debug;
		};
		FF348E3B221BBEDB00DF2678 /* Release */ = {
			isa = XCBuildConfiguration;
			buildSettings = {
				ASSETCATALOG_COMPILER_APPICON_NAME = AppIcon;
				CODE_SIGN_STYLE = Automatic;
				DEVELOPMENT_TEAM = MC884ST245;
				INFOPLIST_FILE = GPS/Info.plist;
				LD_RUNPATH_SEARCH_PATHS = (
					"$(inherited)",
					"@executable_path/Frameworks",
				);
				PRODUCT_BUNDLE_IDENTIFIER = andreus.GPS;
				PRODUCT_NAME = "$(TARGET_NAME)";
				SWIFT_VERSION = 4.2;
				TARGETED_DEVICE_FAMILY = "1,2";
			};
			name = Release;
		};
/* End XCBuildConfiguration section */

/* Begin XCConfigurationList section */
		FF348E1F221BBED900DF2678 /* Build configuration list for PBXProject "GPS" */ = {
			isa = XCConfigurationList;
			buildConfigurations = (
				FF348E37221BBEDB00DF2678 /* Debug */,
				FF348E38221BBEDB00DF2678 /* Release */,
			);
			defaultConfigurationIsVisible = 0;
			defaultConfigurationName = Release;
		};
		FF348E39221BBEDB00DF2678 /* Build configuration list for PBXNativeTarget "GPS" */ = {
			isa = XCConfigurationList;
			buildConfigurations = (
				FF348E3A221BBEDB00DF2678 /* Debug */,
				FF348E3B221BBEDB00DF2678 /* Release */,
			);
			defaultConfigurationIsVisible = 0;
			defaultConfigurationName = Release;
		};
/* End XCConfigurationList section */

/* Begin XCVersionGroup section */
		FF348E2E221BBED900DF2678 /* GPS.xcdatamodeld */ = {
			isa = XCVersionGroup;
			children = (
				FF348E2F221BBED900DF2678 /* GPS.xcdatamodel */,
			);
			currentVersion = FF348E2F221BBED900DF2678 /* GPS.xcdatamodel */;
			path = GPS.xcdatamodeld;
			sourceTree = "<group>";
			versionGroupType = wrapper.xcdatamodel;
		};
/* End XCVersionGroup section */
	};
	rootObject = FF348E1C221BBED900DF2678 /* Project object */;
}
